
Microsoft Visual Studio Solution File, Format Version 12.00
# Visual Studio 15
VisualStudioVersion = 15.0.28307.168
MinimumVisualStudioVersion = 10.0.40219.1
Project("{FAE04EC0-301F-11D3-BF4B-00C04F79EFBC}") = "ProvaMsTech", "ProvaMsTech\ProvaMsTech.csproj", "{D5F9B71F-7A03-4940-AF24-98CAE82C8497}"
EndProject
Global
	GlobalSection(SolutionConfigurationPlatforms) = preSolution
		Debug|Any CPU = Debug|Any CPU
		Release|Any CPU = Release|Any CPU
	EndGlobalSection
	GlobalSection(ProjectConfigurationPlatforms) = postSolution
		{D5F9B71F-7A03-4940-AF24-98CAE82C8497}.Debug|Any CPU.ActiveCfg = Debug|Any CPU
		{D5F9B71F-7A03-4940-AF24-98CAE82C8497}.Debug|Any CPU.Build.0 = Debug|Any CPU
		{D5F9B71F-7A03-4940-AF24-98CAE82C8497}.Release|Any CPU.ActiveCfg = Release|Any CPU
		{D5F9B71F-7A03-4940-AF24-98CAE82C8497}.Release|Any CPU.Build.0 = Release|Any CPU
	EndGlobalSection
	GlobalSection(SolutionProperties) = preSolution
		HideSolutionNode = FALSE
	EndGlobalSection
	GlobalSection(ExtensibilityGlobals) = postSolution
		SolutionGuid = {945BF1E0-150C-4A57-9D9C-B062A9096678}
	EndGlobalSection
EndGlobal
